{
  "pins" : [
    {
      "identity" : "canarylibraryios",
      "kind" : "remoteSourceControl",
      "location" : "https://github.com/OperatorFoundation/CanaryLibraryiOS.git",
      "state" : {
        "branch" : "main",
        "revision" : "ab2869d58ca8ee033bcd84e39ce9801c1cbbfb3a"
      }
    }
  ],
  "version" : 2
}
